
Microsoft Visual Studio Solution File, Format Version 12.00
# Visual Studio Version 17
VisualStudioVersion = 17.8.34511.84
MinimumVisualStudioVersion = 10.0.40219.1
Project("{9A19103F-16F7-4668-BE54-9A1E7A4F7556}") = "AlmoxarifadoAPI", "AlmoxarifadoAPI.csproj", "{D309D50E-11FB-479E-B4C7-8EAD82C0D1C2}"
EndProject
Global
	GlobalSection(SolutionConfigurationPlatforms) = preSolution
		Debug|Any CPU = Debug|Any CPU
		Release|Any CPU = Release|Any CPU
	EndGlobalSection
	GlobalSection(ProjectConfigurationPlatforms) = postSolution
		{D309D50E-11FB-479E-B4C7-8EAD82C0D1C2}.Debug|Any CPU.ActiveCfg = Debug|Any CPU
		{D309D50E-11FB-479E-B4C7-8EAD82C0D1C2}.Debug|Any CPU.Build.0 = Debug|Any CPU
		{D309D50E-11FB-479E-B4C7-8EAD82C0D1C2}.Release|Any CPU.ActiveCfg = Release|Any CPU
		{D309D50E-11FB-479E-B4C7-8EAD82C0D1C2}.Release|Any CPU.Build.0 = Release|Any CPU
	EndGlobalSection
	GlobalSection(SolutionProperties) = preSolution
		HideSolutionNode = FALSE
	EndGlobalSection
	GlobalSection(ExtensibilityGlobals) = postSolution
		SolutionGuid = {91543B32-5863-4F51-BA59-5D3DC2BDF053}
	EndGlobalSection
EndGlobal
